# THIS IS AN AUTOGENERATED FILE. DO NOT EDIT THIS FILE DIRECTLY.
# yarn lockfile v1


"@fortawesome/fontawesome-common-types@^0.1.7":
  version "0.1.7"
  resolved "https://registry.yarnpkg.com/@fortawesome/fontawesome-common-types/-/fontawesome-common-types-0.1.7.tgz#4336c4b06d0b5608ff1215464b66fcf9f4795284"
  integrity sha512-ego8jRVSHfq/iq4KRZJKQeUAdi3ZjGNrqw4oPN3fNdvTBnLCSntwVCnc37bsAJP9UB8MhrTfPnZYxkv2vpS4pg==

"@fortawesome/fontawesome-free-brands@^5.0.12":
  version "5.0.13"
  resolved "https://registry.yarnpkg.com/@fortawesome/fontawesome-free-brands/-/fontawesome-free-brands-5.0.13.tgz#4d15ff4e1e862d5e4a4df3654f8e8acbd47e9c09"
  integrity sha512-xC/sEPpfcJPvUbud2GyscLCLQlE2DVBYaTHVwuyVGliYBdYejSEYMINU8FN5A0xhO68yCbpCfMlBv6Gqby+jww==
  dependencies:
    "@fortawesome/fontawesome-common-types" "^0.1.7"

"@fortawesome/fontawesome-free-regular@^5.0.12":
  version "5.0.13"
  resolved "https://registry.yarnpkg.com/@fortawesome/fontawesome-free-regular/-/fontawesome-free-regular-5.0.13.tgz#eb78c30184e3f456a423a1dcfa0f682f7b50de4a"
  integrity sha512-36lz9Idww1L4QaaTcv7GZiOeIP9emJFDUsedvRovI10kmwyd6rN0PKkIjnq0FB4foLhX4Rou8vnbCCmjtqiLug==
  dependencies:
    "@fortawesome/fontawesome-common-types" "^0.1.7"

"@fortawesome/fontawesome-free-solid@^5.0.12":
  version "5.0.13"
  resolved "https://registry.yarnpkg.com/@fortawesome/fontawesome-free-solid/-/fontawesome-free-solid-5.0.13.tgz#24b61aaf471a9d34a5364b052d64a516285ba894"
  integrity sha512-b+krVnqkdDt52Yfev0x0ZZgtxBQsLw00Zfa3uaVWIDzpNZVtrEXuxldUSUaN/ihgGhSNi8VpvDAdNPVgCKOSxw==
  dependencies:
    "@fortawesome/fontawesome-common-types" "^0.1.7"

"@fortawesome/fontawesome@^1.1.7":
  version "1.1.8"
  resolved "https://registry.yarnpkg.com/@fortawesome/fontawesome/-/fontawesome-1.1.8.tgz#75fe66a60f95508160bb16bd781ad7d89b280f5b"
  integrity sha512-c0/MtkPVT0fmiFcCyYoPjkG9PkMOvfrZw2+0BaJ+Rh6UEcK1AR/LaRgrHHjUkbAbs9LXxQJhFS8CJ4uSnK2+JA==
  dependencies:
    "@fortawesome/fontawesome-common-types" "^0.1.7"

"@fortawesome/vue-fontawesome@^0.0.22":
  version "0.0.22"
  resolved "https://registry.yarnpkg.com/@fortawesome/vue-fontawesome/-/vue-fontawesome-0.0.22.tgz#720457bda0e5866265e5e0f8fe4fbd857fa5653f"
  integrity sha512-KKQ1hVTWkXRaSGVMNI/dZsznVJIZ8dqLA2J6X8nZAIg7F2Gs1zIzBC9qxOKm+gktFAJU2aCCR7BTCoZIdjvGNw==
